
Microsoft Visual Studio Solution File, Format Version 12.00
# Visual Studio Version 17
VisualStudioVersion = 17.13.35931.197
MinimumVisualStudioVersion = 10.0.40219.1
Project("{FAE04EC0-301F-11D3-BF4B-00C04F79EFBC}") = "SportingMall", "SportingMall\SportingMall.csproj", "{C921F5F3-1BBE-40E6-AC80-521D1435A444}"
EndProject
Global
	GlobalSection(SolutionConfigurationPlatforms) = preSolution
		Debug|Any CPU = Debug|Any CPU
		Release|Any CPU = Release|Any CPU
	EndGlobalSection
	GlobalSection(ProjectConfigurationPlatforms) = postSolution
		{C921F5F3-1BBE-40E6-AC80-521D1435A444}.Debug|Any CPU.ActiveCfg = Debug|Any CPU
		{C921F5F3-1BBE-40E6-AC80-521D1435A444}.Debug|Any CPU.Build.0 = Debug|Any CPU
		{C921F5F3-1BBE-40E6-AC80-521D1435A444}.Release|Any CPU.ActiveCfg = Release|Any CPU
		{C921F5F3-1BBE-40E6-AC80-521D1435A444}.Release|Any CPU.Build.0 = Release|Any CPU
	EndGlobalSection
	GlobalSection(SolutionProperties) = preSolution
		HideSolutionNode = FALSE
	EndGlobalSection
	GlobalSection(ExtensibilityGlobals) = postSolution
		SolutionGuid = {57AFAF10-6017-4510-8DA9-DDFC8C2A773A}
	EndGlobalSection
EndGlobal
